{
  "name": "definy-common",
  "version": "0.0.16",
  "lockfileVersion": 1,
  "requires": true,
  "dependencies": {
    "@firebase/firestore-types": {
      "version": "1.9.1",
      "resolved": "https://registry.npmjs.org/@firebase/firestore-types/-/firestore-types-1.9.1.tgz",
      "integrity": "sha512-w3pT+RMQOORS8Tvf6wCaW8sq8hklPS4FkWSGCyo/gIbATP7pG8rvQDihN1x6D3if1jILWiZ/uPyl0eazm+MGzw=="
    },
    "typescript": {
      "version": "3.8.3",
      "resolved": "https://registry.npmjs.org/typescript/-/typescript-3.8.3.tgz",
      "integrity": "sha512-MYlEfn5VrLNsgudQTVJeNaQFUAI7DkhnOjdpAp4T+ku1TfQClewlbSuTVHiA+8skNBgaf02TL/kLOvig4y3G8w==",
      "dev": true
    }
  }
}
