{
  "name": "definy-common",
  "version": "0.0.16",
  "lockfileVersion": 1,
  "requires": true,
  "dependencies": {
    "@narumincho/type": {
      "version": "0.1.3",
      "resolved": "https://registry.npmjs.org/@narumincho/type/-/type-0.1.3.tgz",
      "integrity": "sha512-qtm5F4Xi2mxhh1jZUFUIIY8l9MQOYwyi2AMk8BD671SpKm8bzrGtmAiwUSFvjQ8lkkvs5v2HhF0KEgMYF9zzjQ==",
      "dev": true,
      "requires": {
        "js-ts-code-generator": "^0.2.2"
      }
    },
    "@types/node": {
      "version": "13.7.7",
      "resolved": "https://registry.npmjs.org/@types/node/-/node-13.7.7.tgz",
      "integrity": "sha512-Uo4chgKbnPNlxQwoFmYIwctkQVkMMmsAoGGU4JKwLuvBefF0pCq4FybNSnfkfRCpC7ZW7kttcC/TrRtAJsvGtg==",
      "dev": true
    },
    "js-ts-code-generator": {
      "version": "0.2.2",
      "resolved": "https://registry.npmjs.org/js-ts-code-generator/-/js-ts-code-generator-0.2.2.tgz",
      "integrity": "sha512-+HdnEFFTFmwfX+N0w9bXFiDoQHflLWNOL1tUWT6Gu2SGCkY8+OIl9CJoFjozUlGTWQdsVQI2xqwP43MOSUJRkQ==",
      "dev": true
    },
    "typescript": {
      "version": "3.8.3",
      "resolved": "https://registry.npmjs.org/typescript/-/typescript-3.8.3.tgz",
      "integrity": "sha512-MYlEfn5VrLNsgudQTVJeNaQFUAI7DkhnOjdpAp4T+ku1TfQClewlbSuTVHiA+8skNBgaf02TL/kLOvig4y3G8w==",
      "dev": true
    }
  }
}
