{
  "name": "definy-firestore-type",
  "version": "0.0.15",
  "lockfileVersion": 1,
  "requires": true,
  "dependencies": {
    "@firebase/firestore-types": {
      "version": "1.9.0",
      "resolved": "https://registry.npmjs.org/@firebase/firestore-types/-/firestore-types-1.9.0.tgz",
      "integrity": "sha512-UOtneGMUTLr58P56Y0GT/c4ZyC39vOoRAzgwad4PIsyc7HlKShbHKJpyys/LdlUYIsQdy/2El3Qy1veiBQ+ZJg=="
    },
    "typescript": {
      "version": "3.7.3",
      "resolved": "https://registry.npmjs.org/typescript/-/typescript-3.7.3.tgz",
      "integrity": "sha512-Mcr/Qk7hXqFBXMN7p7Lusj1ktCBydylfQM/FZCk5glCNQJrCUKPkMHdo9R0MTFWsC/4kPFvDS0fDPvukfCkFsw==",
      "dev": true
    }
  }
}
